{"format_version":"1.0","provider_schemas":{"registry.terraform.io/netdata/netdata":{"provider":{"version":0,"block":{"attributes":{"auth_token":{"type":"string","description":"Netdata Cloud Authentication Token with `scope:all`, more [info](https://learn.netdata.cloud/docs/netdata-cloud/api-tokens). Can be also set as environment variable `NETDATA_CLOUD_AUTH_TOKEN`","description_kind":"markdown","optional":true,"sensitive":true},"url":{"type":"string","description":"Netdata Cloud URL Address by default is https://app.netdata.cloud. Can be also set as environment variable `NETDATA_CLOUD_URL`","description_kind":"markdown","optional":true}},"description":"The Netdata Provider allows you to manage Netdata Cloud resources.","description_kind":"plain"}},"resource_schemas":{"netdata_node_room_member":{"version":0,"block":{"attributes":{"node_names":{"type":["list","string"],"description":"List of node names to add to the room. At least one node name is required.","description_kind":"plain","optional":true,"computed":true},"room_id":{"type":"string","description":"The Room ID of the space.","description_kind":"plain","required":true},"space_id":{"type":"string","description":"Space ID of the member.","description_kind":"plain","required":true}},"block_types":{"rule":{"nesting_mode":"list","block":{"attributes":{"action":{"type":"string","description":"Determines whether matching nodes will be included or excluded from the room. Valid values: INCLUDE or EXCLUDE. EXCLUDE action always takes precedence against INCLUDE.","description_kind":"plain","required":true},"description":{"type":"string","description":"The description of the rule.","description_kind":"plain","optional":true},"id":{"type":"string","description":"The ID of the rule.","description_kind":"plain","computed":true}},"block_types":{"clause":{"nesting_mode":"list","block":{"attributes":{"label":{"type":"string","description":"The host label to check.","description_kind":"plain","required":true},"negate":{"type":"bool","description":"Negate the clause.","description_kind":"plain","required":true},"operator":{"type":"string","description":"Operator to compare. Valid values: equals, starts_with, ends_with, contains.","description_kind":"plain","required":true},"value":{"type":"string","description":"The value to compare against.","description_kind":"plain","required":true}},"description":"The clause to apply to the rule. The logical relation between multiple clauses is AND. It should be a least one clause.","description_kind":"plain"}}},"description":"The node rule to apply to the room. The logical relation between multiple rules is OR. More info [here](https://learn.netdata.cloud/docs/netdata-cloud/spaces-and-rooms/node-rule-based-room-assignment).","description_kind":"plain"}}},"description":"\nProvides a Netdata Cloud Node Room Member resource. Use this resource to manage node membership to the room in the selected space.\nThere are two options to add nodes to the room:\n- providing the node names directly, but only reachable nodes will be added to the room, use node_names attribute for this\n- creating rules that will automatically add nodes to the room based on the rule, use rule block for this\n","description_kind":"plain"}},"netdata_notification_discord_channel":{"version":0,"block":{"attributes":{"channel_thread":{"type":"string","description":"Discord channel thread name required if channel type is `forum`","description_kind":"plain","optional":true},"channel_type":{"type":"string","description":"Discord channel type. Valid values are: `text`, `forum`","description_kind":"plain","required":true},"enabled":{"type":"bool","description":"The enabled status of the Discord notification","description_kind":"plain","required":true},"id":{"type":"string","description":"The ID of the Discord notification","description_kind":"plain","computed":true},"name":{"type":"string","description":"The name of the Discord notification","description_kind":"plain","required":true},"notifications":{"type":["list","string"],"description":"The notification options for the Discord. Valid values are: `CRITICAL`, `WARNING`, `CLEAR`, `REACHABLE`, `UNREACHABLE`","description_kind":"plain","required":true},"repeat_notification_min":{"type":"number","description":"The time interval for the Discord notification to be repeated. The interval is presented in minutes and should be between 30 and 1440, or 0 to avoid repetition, which is the default.","description_kind":"plain","optional":true,"computed":true},"rooms_id":{"type":["list","string"],"description":"The list of room IDs to set the Discord notification. If the rooms list is null, the Discord notification will be applied to `All rooms`","description_kind":"plain","optional":true},"space_id":{"type":"string","description":"The ID of the space for the Discord notification","description_kind":"plain","required":true},"webhook_url":{"type":"string","description":"Discord webhook URL","description_kind":"plain","required":true,"sensitive":true}},"description":"Resource for managing centralized notifications for Discord. Available only in paid plans.","description_kind":"plain"}},"netdata_notification_pagerduty_channel":{"version":0,"block":{"attributes":{"alert_events_url":{"type":"string","description":"URL for alert events","description_kind":"plain","required":true},"enabled":{"type":"bool","description":"The enabled status of the Pagerduty notification","description_kind":"plain","required":true},"id":{"type":"string","description":"The ID of the Pagerduty notification","description_kind":"plain","computed":true},"integration_key":{"type":"string","description":"Integration key","description_kind":"plain","required":true,"sensitive":true},"name":{"type":"string","description":"The name of the Pagerduty notification","description_kind":"plain","required":true},"notifications":{"type":["list","string"],"description":"The notification options for the Pagerduty. Valid values are: `CRITICAL`, `WARNING`, `CLEAR`, `REACHABLE`, `UNREACHABLE`","description_kind":"plain","required":true},"repeat_notification_min":{"type":"number","description":"The time interval for the Pagerduty notification to be repeated. The interval is presented in minutes and should be between 30 and 1440, or 0 to avoid repetition, which is the default.","description_kind":"plain","optional":true,"computed":true},"rooms_id":{"type":["list","string"],"description":"The list of room IDs to set the Pagerduty notification. If the rooms list is null, the Pagerduty notification will be applied to `All rooms`","description_kind":"plain","optional":true},"space_id":{"type":"string","description":"The ID of the space for the Pagerduty notification","description_kind":"plain","required":true}},"description":"Resource for managing centralized notifications for Pagerduty. Available only in paid plans.","description_kind":"plain"}},"netdata_notification_slack_channel":{"version":0,"block":{"attributes":{"enabled":{"type":"bool","description":"The enabled status of the Slack notification","description_kind":"plain","required":true},"id":{"type":"string","description":"The ID of the Slack notification","description_kind":"plain","computed":true},"name":{"type":"string","description":"The name of the Slack notification","description_kind":"plain","required":true},"notifications":{"type":["list","string"],"description":"The notification options for the Slack. Valid values are: `CRITICAL`, `WARNING`, `CLEAR`, `REACHABLE`, `UNREACHABLE`","description_kind":"plain","required":true},"repeat_notification_min":{"type":"number","description":"The time interval for the Slack notification to be repeated. The interval is presented in minutes and should be between 30 and 1440, or 0 to avoid repetition, which is the default.","description_kind":"plain","optional":true,"computed":true},"rooms_id":{"type":["list","string"],"description":"The list of room IDs to set the Slack notification. If the rooms list is null, the Slack notification will be applied to `All rooms`","description_kind":"plain","optional":true},"space_id":{"type":"string","description":"The ID of the space for the Slack notification","description_kind":"plain","required":true},"webhook_url":{"type":"string","description":"Slack webhook URL","description_kind":"plain","required":true,"sensitive":true}},"description":"Resource for managing centralized notifications for Slack. Available only in paid plans.","description_kind":"plain"}},"netdata_room":{"version":0,"block":{"attributes":{"description":{"type":"string","description":"The description of the room","description_kind":"plain","optional":true,"computed":true},"id":{"type":"string","description":"The ID of the room","description_kind":"plain","computed":true},"name":{"type":"string","description":"The name of the room","description_kind":"plain","required":true},"space_id":{"type":"string","description":"The ID of the space","description_kind":"plain","required":true}},"description":"Provides a Netdata Cloud Room resource. Use this resource to manage rooms in the selected space.","description_kind":"plain"}},"netdata_room_member":{"version":0,"block":{"attributes":{"room_id":{"type":"string","description":"The Room ID of the space","description_kind":"plain","required":true},"space_id":{"type":"string","description":"Space ID of the member","description_kind":"plain","required":true},"space_member_id":{"type":"string","description":"The Space Member ID of the space","description_kind":"plain","required":true}},"description":"Provides a Netdata Cloud Room Member resource. Use this resource to manage user membership to the room in the selected space. It is referring to the user created at the space level.","description_kind":"plain"}},"netdata_space":{"version":0,"block":{"attributes":{"claim_token":{"type":"string","description":"The claim token of the space","description_kind":"plain","computed":true},"description":{"type":"string","description":"The description of the space","description_kind":"plain","optional":true,"computed":true},"id":{"type":"string","description":"The ID of the space","description_kind":"plain","computed":true},"name":{"type":"string","description":"The name of the space","description_kind":"plain","required":true}},"description":"Provides a Netdata Cloud Space resource. Use this resource to manage spaces.","description_kind":"plain"}},"netdata_space_member":{"version":0,"block":{"attributes":{"email":{"type":"string","description":"Email of the member","description_kind":"plain","required":true},"id":{"type":"string","description":"The Member ID of the space","description_kind":"plain","computed":true},"role":{"type":"string","description":"Role of the member. The community plan can only set the role to `admin`","description_kind":"plain","required":true},"space_id":{"type":"string","description":"Space ID of the member","description_kind":"plain","required":true}},"description":"Provides a Netdata Cloud Space Member resource. Use this resource to manage user membership to the space.","description_kind":"plain"}}},"data_source_schemas":{"netdata_room":{"version":0,"block":{"attributes":{"description":{"type":"string","description":"The description of the room","description_kind":"plain","computed":true},"id":{"type":"string","description":"The ID of the room","description_kind":"plain","required":true},"name":{"type":"string","description":"The name of the room","description_kind":"plain","computed":true},"space_id":{"type":"string","description":"The ID of the space","description_kind":"plain","required":true}},"description":"Use this data source to get information about a Netdata Cloud Room.","description_kind":"plain"}},"netdata_space":{"version":0,"block":{"attributes":{"claim_token":{"type":"string","description":"The claim token of the space","description_kind":"plain","computed":true},"description":{"type":"string","description":"The description of the space","description_kind":"plain","computed":true},"id":{"type":"string","description":"The ID of the space","description_kind":"plain","required":true},"name":{"type":"string","description":"The name of the space","description_kind":"plain","computed":true}},"description":"Use this data source to get information about a Netdata Cloud Space.","description_kind":"plain"}}}}}}
